
Microsoft Visual Studio Solution File, Format Version 12.00
# Visual Studio Version 17
VisualStudioVersion = 17.1.32414.318
MinimumVisualStudioVersion = 10.0.40219.1
Project("{FAE04EC0-301F-11D3-BF4B-00C04F79EFBC}") = "webapp2", "webapp2.csproj", "{DB79A5A5-766C-4D32-9289-5704FAA3D8DF}"
EndProject
Global
	GlobalSection(SolutionConfigurationPlatforms) = preSolution
		Debug|Any CPU = Debug|Any CPU
		Release|Any CPU = Release|Any CPU
	EndGlobalSection
	GlobalSection(ProjectConfigurationPlatforms) = postSolution
		{DB79A5A5-766C-4D32-9289-5704FAA3D8DF}.Debug|Any CPU.ActiveCfg = Debug|Any CPU
		{DB79A5A5-766C-4D32-9289-5704FAA3D8DF}.Debug|Any CPU.Build.0 = Debug|Any CPU
		{DB79A5A5-766C-4D32-9289-5704FAA3D8DF}.Release|Any CPU.ActiveCfg = Release|Any CPU
		{DB79A5A5-766C-4D32-9289-5704FAA3D8DF}.Release|Any CPU.Build.0 = Release|Any CPU
	EndGlobalSection
	GlobalSection(SolutionProperties) = preSolution
		HideSolutionNode = FALSE
	EndGlobalSection
	GlobalSection(ExtensibilityGlobals) = postSolution
		SolutionGuid = {65BD3248-081B-498B-AC98-FD18106C945D}
	EndGlobalSection
EndGlobal
